
Microsoft Visual Studio Solution File, Format Version 12.00
# Visual Studio Version 16
VisualStudioVersion = 16.0.33214.272
MinimumVisualStudioVersion = 10.0.40219.1
Project("{FAE04EC0-301F-11D3-BF4B-00C04F79EFBC}") = "VehicleRentalSystem", "VehicleRentalSystem\VehicleRentalSystem.csproj", "{F383FE2A-C949-44A7-9B22-8544F6C11E39}"
EndProject
Global
	GlobalSection(SolutionConfigurationPlatforms) = preSolution
		Debug|Any CPU = Debug|Any CPU
		Release|Any CPU = Release|Any CPU
	EndGlobalSection
	GlobalSection(ProjectConfigurationPlatforms) = postSolution
		{F383FE2A-C949-44A7-9B22-8544F6C11E39}.Debug|Any CPU.ActiveCfg = Debug|Any CPU
		{F383FE2A-C949-44A7-9B22-8544F6C11E39}.Debug|Any CPU.Build.0 = Debug|Any CPU
		{F383FE2A-C949-44A7-9B22-8544F6C11E39}.Release|Any CPU.ActiveCfg = Release|Any CPU
		{F383FE2A-C949-44A7-9B22-8544F6C11E39}.Release|Any CPU.Build.0 = Release|Any CPU
	EndGlobalSection
	GlobalSection(SolutionProperties) = preSolution
		HideSolutionNode = FALSE
	EndGlobalSection
	GlobalSection(ExtensibilityGlobals) = postSolution
		SolutionGuid = {257481E0-2733-46F7-820A-CC96713B50D0}
	EndGlobalSection
EndGlobal
